
Microsoft Visual Studio Solution File, Format Version 12.00
# Visual Studio Version 17
VisualStudioVersion = 17.6.33815.320
MinimumVisualStudioVersion = 10.0.40219.1
Project("{FAE04EC0-301F-11D3-BF4B-00C04F79EFBC}") = "ScheduleNow1", "ScheduleNow1.csproj", "{0FF8BC2E-B2A1-4F19-854E-582246B22483}"
EndProject
Global
	GlobalSection(SolutionConfigurationPlatforms) = preSolution
		Debug|Any CPU = Debug|Any CPU
		Release|Any CPU = Release|Any CPU
	EndGlobalSection
	GlobalSection(ProjectConfigurationPlatforms) = postSolution
		{0FF8BC2E-B2A1-4F19-854E-582246B22483}.Debug|Any CPU.ActiveCfg = Debug|Any CPU
		{0FF8BC2E-B2A1-4F19-854E-582246B22483}.Debug|Any CPU.Build.0 = Debug|Any CPU
		{0FF8BC2E-B2A1-4F19-854E-582246B22483}.Release|Any CPU.ActiveCfg = Release|Any CPU
		{0FF8BC2E-B2A1-4F19-854E-582246B22483}.Release|Any CPU.Build.0 = Release|Any CPU
	EndGlobalSection
	GlobalSection(SolutionProperties) = preSolution
		HideSolutionNode = FALSE
	EndGlobalSection
	GlobalSection(ExtensibilityGlobals) = postSolution
		SolutionGuid = {6EDAE83C-7E35-48D4-A7C5-EA97E7FFDE03}
	EndGlobalSection
EndGlobal
